
Microsoft Visual Studio Solution File, Format Version 12.00
# Visual Studio 2012
Project("{FAE04EC0-301F-11D3-BF4B-00C04F79EFBC}") = "Service", "Service\Service.csproj", "{04FC09C8-7792-4EE1-875E-5C9FCB063D2C}"
EndProject
Project("{FAE04EC0-301F-11D3-BF4B-00C04F79EFBC}") = "Tests", "Tests\Tests.csproj", "{1FD9ABFD-229F-424E-BE0A-34F9D49824E9}"
EndProject
Project("{FAE04EC0-301F-11D3-BF4B-00C04F79EFBC}") = "Core", "Core\Core.csproj", "{447E98E9-0751-48ED-B1A2-586FB14EC83F}"
EndProject
Global
	GlobalSection(SolutionConfigurationPlatforms) = preSolution
		Debug|Any CPU = Debug|Any CPU
		Release|Any CPU = Release|Any CPU
	EndGlobalSection
	GlobalSection(ProjectConfigurationPlatforms) = postSolution
		{04FC09C8-7792-4EE1-875E-5C9FCB063D2C}.Debug|Any CPU.ActiveCfg = Debug|Any CPU
		{04FC09C8-7792-4EE1-875E-5C9FCB063D2C}.Debug|Any CPU.Build.0 = Debug|Any CPU
		{04FC09C8-7792-4EE1-875E-5C9FCB063D2C}.Release|Any CPU.ActiveCfg = Release|Any CPU
		{04FC09C8-7792-4EE1-875E-5C9FCB063D2C}.Release|Any CPU.Build.0 = Release|Any CPU
		{1FD9ABFD-229F-424E-BE0A-34F9D49824E9}.Debug|Any CPU.ActiveCfg = Debug|Any CPU
		{1FD9ABFD-229F-424E-BE0A-34F9D49824E9}.Debug|Any CPU.Build.0 = Debug|Any CPU
		{1FD9ABFD-229F-424E-BE0A-34F9D49824E9}.Release|Any CPU.ActiveCfg = Release|Any CPU
		{1FD9ABFD-229F-424E-BE0A-34F9D49824E9}.Release|Any CPU.Build.0 = Release|Any CPU
		{447E98E9-0751-48ED-B1A2-586FB14EC83F}.Debug|Any CPU.ActiveCfg = Debug|Any CPU
		{447E98E9-0751-48ED-B1A2-586FB14EC83F}.Debug|Any CPU.Build.0 = Debug|Any CPU
		{447E98E9-0751-48ED-B1A2-586FB14EC83F}.Release|Any CPU.ActiveCfg = Release|Any CPU
		{447E98E9-0751-48ED-B1A2-586FB14EC83F}.Release|Any CPU.Build.0 = Release|Any CPU
	EndGlobalSection
	GlobalSection(SolutionProperties) = preSolution
		HideSolutionNode = FALSE
	EndGlobalSection
EndGlobal
